
Microsoft Visual Studio Solution File, Format Version 12.00
# Visual Studio Version 17
VisualStudioVersion = 17.7.34202.233
MinimumVisualStudioVersion = 10.0.40219.1
Project("{FAE04EC0-301F-11D3-BF4B-00C04F79EFBC}") = "laundrySystem", "laundrySystem\laundrySystem.csproj", "{DFC4B43F-1CB8-45B9-ADFD-61BB9AB6E2E9}"
EndProject
Global
	GlobalSection(SolutionConfigurationPlatforms) = preSolution
		Debug|Any CPU = Debug|Any CPU
		Release|Any CPU = Release|Any CPU
	EndGlobalSection
	GlobalSection(ProjectConfigurationPlatforms) = postSolution
		{DFC4B43F-1CB8-45B9-ADFD-61BB9AB6E2E9}.Debug|Any CPU.ActiveCfg = Debug|Any CPU
		{DFC4B43F-1CB8-45B9-ADFD-61BB9AB6E2E9}.Debug|Any CPU.Build.0 = Debug|Any CPU
		{DFC4B43F-1CB8-45B9-ADFD-61BB9AB6E2E9}.Release|Any CPU.ActiveCfg = Release|Any CPU
		{DFC4B43F-1CB8-45B9-ADFD-61BB9AB6E2E9}.Release|Any CPU.Build.0 = Release|Any CPU
	EndGlobalSection
	GlobalSection(SolutionProperties) = preSolution
		HideSolutionNode = FALSE
	EndGlobalSection
	GlobalSection(ExtensibilityGlobals) = postSolution
		SolutionGuid = {D72EDB28-23A4-4A59-BF47-F051A6A91229}
	EndGlobalSection
EndGlobal
